
Microsoft Visual Studio Solution File, Format Version 12.00
# Visual Studio Version 16
VisualStudioVersion = 16.0.30517.126
MinimumVisualStudioVersion = 10.0.40219.1
Project("{FAE04EC0-301F-11D3-BF4B-00C04F79EFBC}") = "GA", "GA\GA.csproj", "{E17A6A7D-764A-43A8-BB8A-83784DE2BD36}"
EndProject
Global
	GlobalSection(SolutionConfigurationPlatforms) = preSolution
		Debug|Any CPU = Debug|Any CPU
		Release|Any CPU = Release|Any CPU
	EndGlobalSection
	GlobalSection(ProjectConfigurationPlatforms) = postSolution
		{E17A6A7D-764A-43A8-BB8A-83784DE2BD36}.Debug|Any CPU.ActiveCfg = Debug|Any CPU
		{E17A6A7D-764A-43A8-BB8A-83784DE2BD36}.Debug|Any CPU.Build.0 = Debug|Any CPU
		{E17A6A7D-764A-43A8-BB8A-83784DE2BD36}.Release|Any CPU.ActiveCfg = Release|Any CPU
		{E17A6A7D-764A-43A8-BB8A-83784DE2BD36}.Release|Any CPU.Build.0 = Release|Any CPU
	EndGlobalSection
	GlobalSection(SolutionProperties) = preSolution
		HideSolutionNode = FALSE
	EndGlobalSection
	GlobalSection(ExtensibilityGlobals) = postSolution
		SolutionGuid = {2F682597-3DB6-419F-860F-73D99CE5A351}
	EndGlobalSection
EndGlobal
